
Microsoft Visual Studio Solution File, Format Version 12.00
# Visual Studio Version 16
VisualStudioVersion = 16.0.32630.194
MinimumVisualStudioVersion = 10.0.40219.1
Project("{9A19103F-16F7-4668-BE54-9A1E7A4F7556}") = "UserRegistration.Migrations", "UserRegistration.Migrations\UserRegistration.Migrations.csproj", "{DBE2539B-E63E-4E8D-920D-F9CADE60077E}"
EndProject
Project("{9A19103F-16F7-4668-BE54-9A1E7A4F7556}") = "UserRegistration.API", "UserRegistration.API\UserRegistration.API.csproj", "{819BCEE6-37F4-4B31-A468-922ED2B68145}"
EndProject
Global
	GlobalSection(SolutionConfigurationPlatforms) = preSolution
		Debug|Any CPU = Debug|Any CPU
		Release|Any CPU = Release|Any CPU
	EndGlobalSection
	GlobalSection(ProjectConfigurationPlatforms) = postSolution
		{DBE2539B-E63E-4E8D-920D-F9CADE60077E}.Debug|Any CPU.ActiveCfg = Debug|Any CPU
		{DBE2539B-E63E-4E8D-920D-F9CADE60077E}.Debug|Any CPU.Build.0 = Debug|Any CPU
		{DBE2539B-E63E-4E8D-920D-F9CADE60077E}.Release|Any CPU.ActiveCfg = Release|Any CPU
		{DBE2539B-E63E-4E8D-920D-F9CADE60077E}.Release|Any CPU.Build.0 = Release|Any CPU
		{819BCEE6-37F4-4B31-A468-922ED2B68145}.Debug|Any CPU.ActiveCfg = Debug|Any CPU
		{819BCEE6-37F4-4B31-A468-922ED2B68145}.Debug|Any CPU.Build.0 = Debug|Any CPU
		{819BCEE6-37F4-4B31-A468-922ED2B68145}.Release|Any CPU.ActiveCfg = Release|Any CPU
		{819BCEE6-37F4-4B31-A468-922ED2B68145}.Release|Any CPU.Build.0 = Release|Any CPU
	EndGlobalSection
	GlobalSection(SolutionProperties) = preSolution
		HideSolutionNode = FALSE
	EndGlobalSection
	GlobalSection(ExtensibilityGlobals) = postSolution
		SolutionGuid = {4F0C99D0-67C7-49C4-8151-437BF39FBBDB}
	EndGlobalSection
EndGlobal
